
Microsoft Visual Studio Solution File, Format Version 12.00
# Visual Studio Version 17
VisualStudioVersion = 17.10.34916.146
MinimumVisualStudioVersion = 10.0.40219.1
Project("{54A90642-561A-4BB1-A94E-469ADEE60C69}") = "shop_angular_v1", "shop_angular_v1.esproj", "{0F0CD295-FDEA-42F6-AE24-01A92688893D}"
EndProject
Global
	GlobalSection(SolutionConfigurationPlatforms) = preSolution
		Debug|Any CPU = Debug|Any CPU
		Release|Any CPU = Release|Any CPU
	EndGlobalSection
	GlobalSection(ProjectConfigurationPlatforms) = postSolution
		{0F0CD295-FDEA-42F6-AE24-01A92688893D}.Debug|Any CPU.ActiveCfg = Debug|Any CPU
		{0F0CD295-FDEA-42F6-AE24-01A92688893D}.Debug|Any CPU.Build.0 = Debug|Any CPU
		{0F0CD295-FDEA-42F6-AE24-01A92688893D}.Debug|Any CPU.Deploy.0 = Debug|Any CPU
		{0F0CD295-FDEA-42F6-AE24-01A92688893D}.Release|Any CPU.ActiveCfg = Release|Any CPU
		{0F0CD295-FDEA-42F6-AE24-01A92688893D}.Release|Any CPU.Build.0 = Release|Any CPU
		{0F0CD295-FDEA-42F6-AE24-01A92688893D}.Release|Any CPU.Deploy.0 = Release|Any CPU
	EndGlobalSection
	GlobalSection(SolutionProperties) = preSolution
		HideSolutionNode = FALSE
	EndGlobalSection
	GlobalSection(ExtensibilityGlobals) = postSolution
		SolutionGuid = {45999DBF-DF8B-4CD4-8186-B939F0F4688A}
	EndGlobalSection
EndGlobal
